
Microsoft Visual Studio Solution File, Format Version 12.00
# Visual Studio 15
VisualStudioVersion = 15.0.28307.168
MinimumVisualStudioVersion = 10.0.40219.1
Project("{FAE04EC0-301F-11D3-BF4B-00C04F79EFBC}") = "VegaTidy356_uploader", "VegaTidy356_uploader\VegaTidy356_uploader.csproj", "{0979F902-AD02-4E5D-AF41-B934556C2EB7}"
EndProject
Global
	GlobalSection(SolutionConfigurationPlatforms) = preSolution
		Debug|Any CPU = Debug|Any CPU
		Release|Any CPU = Release|Any CPU
	EndGlobalSection
	GlobalSection(ProjectConfigurationPlatforms) = postSolution
		{0979F902-AD02-4E5D-AF41-B934556C2EB7}.Debug|Any CPU.ActiveCfg = Debug|Any CPU
		{0979F902-AD02-4E5D-AF41-B934556C2EB7}.Debug|Any CPU.Build.0 = Debug|Any CPU
		{0979F902-AD02-4E5D-AF41-B934556C2EB7}.Release|Any CPU.ActiveCfg = Release|Any CPU
		{0979F902-AD02-4E5D-AF41-B934556C2EB7}.Release|Any CPU.Build.0 = Release|Any CPU
	EndGlobalSection
	GlobalSection(SolutionProperties) = preSolution
		HideSolutionNode = FALSE
	EndGlobalSection
	GlobalSection(ExtensibilityGlobals) = postSolution
		SolutionGuid = {7A2BA2BC-8F10-4D74-B2BC-B98CADAF8892}
	EndGlobalSection
EndGlobal
